
Microsoft Visual Studio Solution File, Format Version 12.00
# Visual Studio Version 16
VisualStudioVersion = 16.0.32802.440
MinimumVisualStudioVersion = 10.0.40219.1
Project("{FAE04EC0-301F-11D3-BF4B-00C04F79EFBC}") = "SalesWeb", "SalesWeb\SalesWeb.csproj", "{306363F1-7A22-4A80-A9CD-65BD9614FF04}"
EndProject
Global
	GlobalSection(SolutionConfigurationPlatforms) = preSolution
		Debug|Any CPU = Debug|Any CPU
		Release|Any CPU = Release|Any CPU
	EndGlobalSection
	GlobalSection(ProjectConfigurationPlatforms) = postSolution
		{306363F1-7A22-4A80-A9CD-65BD9614FF04}.Debug|Any CPU.ActiveCfg = Debug|Any CPU
		{306363F1-7A22-4A80-A9CD-65BD9614FF04}.Debug|Any CPU.Build.0 = Debug|Any CPU
		{306363F1-7A22-4A80-A9CD-65BD9614FF04}.Release|Any CPU.ActiveCfg = Release|Any CPU
		{306363F1-7A22-4A80-A9CD-65BD9614FF04}.Release|Any CPU.Build.0 = Release|Any CPU
	EndGlobalSection
	GlobalSection(SolutionProperties) = preSolution
		HideSolutionNode = FALSE
	EndGlobalSection
	GlobalSection(ExtensibilityGlobals) = postSolution
		SolutionGuid = {6410E62C-B716-4170-BD84-77D8E38373CC}
	EndGlobalSection
EndGlobal
